# Generated by scripts/pin-engine.sh — do not edit by hand.
version = "0.8.0"
contract = 1

[sha256]
"coven-code-linux-aarch64.tar.gz" = "51df33f06a1a7ce0f305686ee833fa4595b7f062b8729e916651d2074f12667d"
"coven-code-linux-x86_64.tar.gz" = "5ddd50a01c91e3ff0472424fa3353ffb14c16531e3fe2c1efb385e2f4fc0bd1e"
"coven-code-macos-aarch64.tar.gz" = "ad236bcf8820e75cf1ed6d43d74df37b0d94191dabbf771a4e593816d2b038c9"
"coven-code-macos-x86_64.tar.gz" = "436ba48bc2ad3d07a39476169f400dceac85d71db23feb3835198469b4659e32"
"coven-code-windows-x86_64.zip" = "b7fbf250ff66eb6ed58af0aae9a9031ec64485f0643aa8a2b4f754f9fa7a5d4c"
